
Microsoft Visual Studio Solution File, Format Version 12.00
# Visual Studio Version 17
VisualStudioVersion = 17.14.36623.8
MinimumVisualStudioVersion = 10.0.40219.1
Project("{FAE04EC0-301F-11D3-BF4B-00C04F79EFBC}") = "SmartJourneyPlanner", "SmartJourneyPlanner.csproj", "{55E1F464-91F1-44DC-BE60-625FBEC88961}"
EndProject
Global
	GlobalSection(SolutionConfigurationPlatforms) = preSolution
		Debug|Any CPU = Debug|Any CPU
		Release|Any CPU = Release|Any CPU
	EndGlobalSection
	GlobalSection(ProjectConfigurationPlatforms) = postSolution
		{55E1F464-91F1-44DC-BE60-625FBEC88961}.Debug|Any CPU.ActiveCfg = Debug|Any CPU
		{55E1F464-91F1-44DC-BE60-625FBEC88961}.Debug|Any CPU.Build.0 = Debug|Any CPU
		{55E1F464-91F1-44DC-BE60-625FBEC88961}.Release|Any CPU.ActiveCfg = Release|Any CPU
		{55E1F464-91F1-44DC-BE60-625FBEC88961}.Release|Any CPU.Build.0 = Release|Any CPU
	EndGlobalSection
	GlobalSection(SolutionProperties) = preSolution
		HideSolutionNode = FALSE
	EndGlobalSection
	GlobalSection(ExtensibilityGlobals) = postSolution
		SolutionGuid = {2D3B6DA8-FF3B-4F5C-91DA-6E617B0D0559}
	EndGlobalSection
EndGlobal
